PODS:
  - ChatCollectionLayout (1.0.0)

DEPENDENCIES:
  - ChatCollectionLayout (from `../`)

EXTERNAL SOURCES:
  ChatCollectionLayout:
    :path: "../"

SPEC CHECKSUMS:
  ChatCollectionLayout: 86fc5960506e57bc693e0e6823176475ec840a76

PODFILE CHECKSUM: f32aef99ac15d8ab793fce0a8c93ae966146004a

COCOAPODS: 1.10.1
